// !$*UTF8*$!
{
	archiveVersion = 1;
	classes = {
	};
	objectVersion = 56;
	objects = {

/* Begin PBXBuildFile section */
		C1D6B9D52932BB4200AE58A8 /* AppDelegate.swift in Sources */ = {isa = PBXBuildFile; fileRef = C1D6B9D42932BB4200AE58A8 /* AppDelegate.swift */; };
		C1D6B9D72932BB4200AE58A8 /* SceneDelegate.swift in Sources */ = {isa = PBXBuildFile; fileRef = C1D6B9D62932BB4200AE58A8 /* SceneDelegate.swift */; };
		C1D6B9D92932BB4200AE58A8 /* ViewController.swift in Sources */ = {isa = PBXBuildFile; fileRef = C1D6B9D82932BB4200AE58A8 /* ViewController.swift */; };
		C1D6B9DC2932BB4200AE58A8 /* Main.storyboard in Resources */ = {isa = PBXBuildFile; fileRef = C1D6B9DA2932BB4200AE58A8 /* Main.storyboard */; };
		C1D6B9DE2932BB4200AE58A8 /* Assets.xcassets in Resources */ = {isa = PBXBuildFile; fileRef = C1D6B9DD2932BB4200AE58A8 /* Assets.xcassets */; };
		C1D6B9E12932BB4200AE58A8 /* LaunchScreen.storyboard in Resources */ = {isa = PBXBuildFile; fileRef = C1D6B9DF2932BB4200AE58A8 /* LaunchScreen.storyboard */; };
		C1D6B9EC2932BB4200AE58A8 /* Tabbar_CoordinatorTests.swift in Sources */ = {isa = PBXBuildFile; fileRef = C1D6B9EB2932BB4200AE58A8 /* Tabbar_CoordinatorTests.swift */; };
		C1D6B9F62932BB4200AE58A8 /* Tabbar_CoordinatorUITests.swift in Sources */ = {isa = PBXBuildFile; fileRef = C1D6B9F52932BB4200AE58A8 /* Tabbar_CoordinatorUITests.swift */; };
		C1D6B9F82932BB4200AE58A8 /* Tabbar_CoordinatorUITestsLaunchTests.swift in Sources */ = {isa = PBXBuildFile; fileRef = C1D6B9F72932BB4200AE58A8 /* Tabbar_CoordinatorUITestsLaunchTests.swift */; };
/* End PBXBuildFile section */

/* Begin PBXContainerItemProxy section */
		C1D6B9E82932BB4200AE58A8 /* PBXContainerItemProxy */ = {
			isa = PBXContainerItemProxy;
			containerPortal = C1D6B9C92932BB4200AE58A8 /* Project object */;
			proxyType = 1;
			remoteGlobalIDString = C1D6B9D02932BB4200AE58A8;
			remoteInfo = "Tabbar-Coordinator";
		};
		C1D6B9F22932BB4200AE58A8 /* PBXContainerItemProxy */ = {
			isa = PBXContainerItemProxy;
			containerPortal = C1D6B9C92932BB4200AE58A8 /* Project object */;
			proxyType = 1;
			remoteGlobalIDString = C1D6B9D02932BB4200AE58A8;
			remoteInfo = "Tabbar-Coordinator";
		};
/* End PBXContainerItemProxy section */

/* Begin PBXFileReference section */
		C1D6B9D12932BB4200AE58A8 /* Tabbar-Coordinator.app */ = {isa = PBXFileReference; explicitFileType = wrapper.application; includeInIndex = 0; path = "Tabbar-Coordinator.app"; sourceTree = BUILT_PRODUCTS_DIR; };
		C1D6B9D42932BB4200AE58A8 /* AppDelegate.swift */ = {isa = PBXFileReference; lastKnownFileType = sourcecode.swift; path = AppDelegate.swift; sourceTree = "<group>"; };
		C1D6B9D62932BB4200AE58A8 /* SceneDelegate.swift */ = {isa = PBXFileReference; lastKnownFileType = sourcecode.swift; path = SceneDelegate.swift; sourceTree = "<group>"; };
		C1D6B9D82932BB4200AE58A8 /* ViewController.swift */ = {isa = PBXFileReference; lastKnownFileType = sourcecode.swift; path = ViewController.swift; sourceTree = "<group>"; };
		C1D6B9DB2932BB4200AE58A8 /* Base */ = {isa = PBXFileReference; lastKnownFileType = file.storyboard; name = Base; path = Base.lproj/Main.storyboard; sourceTree = "<group>"; };
		C1D6B9DD2932BB4200AE58A8 /* Assets.xcassets */ = {isa = PBXFileReference; lastKnownFileType = folder.assetcatalog; path = Assets.xcassets; sourceTree = "<group>"; };
		C1D6B9E02932BB4200AE58A8 /* Base */ = {isa = PBXFileReference; lastKnownFileType = file.storyboard; name = Base; path = Base.lproj/LaunchScreen.storyboard; sourceTree = "<group>"; };
		C1D6B9E22932BB4200AE58A8 /* Info.plist */ = {isa = PBXFileReference; lastKnownFileType = text.plist.xml; path = Info.plist; sourceTree = "<group>"; };
		C1D6B9E72932BB4200AE58A8 /* Tabbar-CoordinatorTests.xctest */ = {isa = PBXFileReference; explicitFileType = wrapper.cfbundle; includeInIndex = 0; path = "Tabbar-CoordinatorTests.xctest"; sourceTree = BUILT_PRODUCTS_DIR; };
		C1D6B9EB2932BB4200AE58A8 /* Tabbar_CoordinatorTests.swift */ = {isa = PBXFileReference; lastKnownFileType = sourcecode.swift; path = Tabbar_CoordinatorTests.swift; sourceTree = "<group>"; };
		C1D6B9F12932BB4200AE58A8 /* Tabbar-CoordinatorUITests.xctest */ = {isa = PBXFileReference; explicitFileType = wrapper.cfbundle; includeInIndex = 0; path = "Tabbar-CoordinatorUITests.xctest"; sourceTree = BUILT_PRODUCTS_DIR; };
		C1D6B9F52932BB4200AE58A8 /* Tabbar_CoordinatorUITests.swift */ = {isa = PBXFileReference; lastKnownFileType = sourcecode.swift; path = Tabbar_CoordinatorUITests.swift; sourceTree = "<group>"; };
		C1D6B9F72932BB4200AE58A8 /* Tabbar_CoordinatorUITestsLaunchTests.swift */ = {isa = PBXFileReference; lastKnownFileType = sourcecode.swift; path = Tabbar_CoordinatorUITestsLaunchTests.swift; sourceTree = "<group>"; };
/* End PBXFileReference section */

/* Begin PBXFrameworksBuildPhase section */
		C1D6B9CE2932BB4200AE58A8 /* Frameworks */ = {
			isa = PBXFrameworksBuildPhase;
			buildActionMask = 2147483647;
			files = (
			);
			runOnlyForDeploymentPostprocessing = 0;
		};
		C1D6B9E42932BB4200AE58A8 /* Frameworks */ = {
			isa = PBXFrameworksBuildPhase;
			buildActionMask = 2147483647;
			files = (
			);
			runOnlyForDeploymentPostprocessing = 0;
		};
		C1D6B9EE2932BB4200AE58A8 /* Frameworks */ = {
			isa = PBXFrameworksBuildPhase;
			buildActionMask = 2147483647;
			files = (
			);
			runOnlyForDeploymentPostprocessing = 0;
		};
/* End PBXFrameworksBuildPhase section */

/* Begin PBXGroup section */
		C1D6B9C82932BB4200AE58A8 = {
			isa = PBXGroup;
			children = (
				C1D6B9D32932BB4200AE58A8 /* Tabbar-Coordinator */,
				C1D6B9EA2932BB4200AE58A8 /* Tabbar-CoordinatorTests */,
				C1D6B9F42932BB4200AE58A8 /* Tabbar-CoordinatorUITests */,
				C1D6B9D22932BB4200AE58A8 /* Products */,
			);
			sourceTree = "<group>";
		};
		C1D6B9D22932BB4200AE58A8 /* Products */ = {
			isa = PBXGroup;
			children = (
				C1D6B9D12932BB4200AE58A8 /* Tabbar-Coordinator.app */,
				C1D6B9E72932BB4200AE58A8 /* Tabbar-CoordinatorTests.xctest */,
				C1D6B9F12932BB4200AE58A8 /* Tabbar-CoordinatorUITests.xctest */,
			);
			name = Products;
			sourceTree = "<group>";
		};
		C1D6B9D32932BB4200AE58A8 /* Tabbar-Coordinator */ = {
			isa = PBXGroup;
			children = (
				C1D6B9D42932BB4200AE58A8 /* AppDelegate.swift */,
				C1D6B9D62932BB4200AE58A8 /* SceneDelegate.swift */,
				C1D6B9D82932BB4200AE58A8 /* ViewController.swift */,
				C1D6B9DA2932BB4200AE58A8 /* Main.storyboard */,
				C1D6B9DD2932BB4200AE58A8 /* Assets.xcassets */,
				C1D6B9DF2932BB4200AE58A8 /* LaunchScreen.storyboard */,
				C1D6B9E22932BB4200AE58A8 /* Info.plist */,
			);
			path = "Tabbar-Coordinator";
			sourceTree = "<group>";
		};
		C1D6B9EA2932BB4200AE58A8 /* Tabbar-CoordinatorTests */ = {
			isa = PBXGroup;
			children = (
				C1D6B9EB2932BB4200AE58A8 /* Tabbar_CoordinatorTests.swift */,
			);
			path = "Tabbar-CoordinatorTests";
			sourceTree = "<group>";
		};
		C1D6B9F42932BB4200AE58A8 /* Tabbar-CoordinatorUITests */ = {
			isa = PBXGroup;
			children = (
				C1D6B9F52932BB4200AE58A8 /* Tabbar_CoordinatorUITests.swift */,
				C1D6B9F72932BB4200AE58A8 /* Tabbar_CoordinatorUITestsLaunchTests.swift */,
			);
			path = "Tabbar-CoordinatorUITests";
			sourceTree = "<group>";
		};
/* End PBXGroup section */

/* Begin PBXNativeTarget section */
		C1D6B9D02932BB4200AE58A8 /* Tabbar-Coordinator */ = {
			isa = PBXNativeTarget;
			buildConfigurationList = C1D6B9FB2932BB4200AE58A8 /* Build configuration list for PBXNativeTarget "Tabbar-Coordinator" */;
			buildPhases = (
				C1D6B9CD2932BB4200AE58A8 /* Sources */,
				C1D6B9CE2932BB4200AE58A8 /* Frameworks */,
				C1D6B9CF2932BB4200AE58A8 /* Resources */,
			);
			buildRules = (
			);
			dependencies = (
			);
			name = "Tabbar-Coordinator";
			productName = "Tabbar-Coordinator";
			productReference = C1D6B9D12932BB4200AE58A8 /* Tabbar-Coordinator.app */;
			productType = "com.apple.product-type.application";
		};
		C1D6B9E62932BB4200AE58A8 /* Tabbar-CoordinatorTests */ = {
			isa = PBXNativeTarget;
			buildConfigurationList = C1D6B9FE2932BB4200AE58A8 /* Build configuration list for PBXNativeTarget "Tabbar-CoordinatorTests" */;
			buildPhases = (
				C1D6B9E32932BB4200AE58A8 /* Sources */,
				C1D6B9E42932BB4200AE58A8 /* Frameworks */,
				C1D6B9E52932BB4200AE58A8 /* Resources */,
			);
			buildRules = (
			);
			dependencies = (
				C1D6B9E92932BB4200AE58A8 /* PBXTargetDependency */,
			);
			name = "Tabbar-CoordinatorTests";
			productName = "Tabbar-CoordinatorTests";
			productReference = C1D6B9E72932BB4200AE58A8 /* Tabbar-CoordinatorTests.xctest */;
			productType = "com.apple.product-type.bundle.unit-test";
		};
		C1D6B9F02932BB4200AE58A8 /* Tabbar-CoordinatorUITests */ = {
			isa = PBXNativeTarget;
			buildConfigurationList = C1D6BA012932BB4200AE58A8 /* Build configuration list for PBXNativeTarget "Tabbar-CoordinatorUITests" */;
			buildPhases = (
				C1D6B9ED2932BB4200AE58A8 /* Sources */,
				C1D6B9EE2932BB4200AE58A8 /* Frameworks */,
				C1D6B9EF2932BB4200AE58A8 /* Resources */,
			);
			buildRules = (
			);
			dependencies = (
				C1D6B9F32932BB4200AE58A8 /* PBXTargetDependency */,
			);
			name = "Tabbar-CoordinatorUITests";
			productName = "Tabbar-CoordinatorUITests";
			productReference = C1D6B9F12932BB4200AE58A8 /* Tabbar-CoordinatorUITests.xctest */;
			productType = "com.apple.product-type.bundle.ui-testing";
		};
/* End PBXNativeTarget section */

/* Begin PBXProject section */
		C1D6B9C92932BB4200AE58A8 /* Project object */ = {
			isa = PBXProject;
			attributes = {
				BuildIndependentTargetsInParallel = 1;
				LastSwiftUpdateCheck = 1410;
				LastUpgradeCheck = 1410;
				TargetAttributes = {
					C1D6B9D02932BB4200AE58A8 = {
						CreatedOnToolsVersion = 14.1;
					};
					C1D6B9E62932BB4200AE58A8 = {
						CreatedOnToolsVersion = 14.1;
						TestTargetID = C1D6B9D02932BB4200AE58A8;
					};
					C1D6B9F02932BB4200AE58A8 = {
						CreatedOnToolsVersion = 14.1;
						TestTargetID = C1D6B9D02932BB4200AE58A8;
					};
				};
			};
			buildConfigurationList = C1D6B9CC2932BB4200AE58A8 /* Build configuration list for PBXProject "Tabbar-Coordinator" */;
			compatibilityVersion = "Xcode 14.0";
			developmentRegion = en;
			hasScannedForEncodings = 0;
			knownRegions = (
				en,
				Base,
			);
			mainGroup = C1D6B9C82932BB4200AE58A8;
			productRefGroup = C1D6B9D22932BB4200AE58A8 /* Products */;
			projectDirPath = "";
			projectRoot = "";
			targets = (
				C1D6B9D02932BB4200AE58A8 /* Tabbar-Coordinator */,
				C1D6B9E62932BB4200AE58A8 /* Tabbar-CoordinatorTests */,
				C1D6B9F02932BB4200AE58A8 /* Tabbar-CoordinatorUITests */,
			);
		};
/* End PBXProject section */

/* Begin PBXResourcesBuildPhase section */
		C1D6B9CF2932BB4200AE58A8 /* Resources */ = {
			isa = PBXResourcesBuildPhase;
			buildActionMask = 2147483647;
			files = (
				C1D6B9E12932BB4200AE58A8 /* LaunchScreen.storyboard in Resources */,
				C1D6B9DE2932BB4200AE58A8 /* Assets.xcassets in Resources */,
				C1D6B9DC2932BB4200AE58A8 /* Main.storyboard in Resources */,
			);
			runOnlyForDeploymentPostprocessing = 0;
		};
		C1D6B9E52932BB4200AE58A8 /* Resources */ = {
			isa = PBXResourcesBuildPhase;
			buildActionMask = 2147483647;
			files = (
			);
			runOnlyForDeploymentPostprocessing = 0;
		};
		C1D6B9EF2932BB4200AE58A8 /* Resources */ = {
			isa = PBXResourcesBuildPhase;
			buildActionMask = 2147483647;
			files = (
			);
			runOnlyForDeploymentPostprocessing = 0;
		};
/* End PBXResourcesBuildPhase section */

/* Begin PBXSourcesBuildPhase section */
		C1D6B9CD2932BB4200AE58A8 /* Sources */ = {
			isa = PBXSourcesBuildPhase;
			buildActionMask = 2147483647;
			files = (
				C1D6B9D92932BB4200AE58A8 /* ViewController.swift in Sources */,
				C1D6B9D52932BB4200AE58A8 /* AppDelegate.swift in Sources */,
				C1D6B9D72932BB4200AE58A8 /* SceneDelegate.swift in Sources */,
			);
			runOnlyForDeploymentPostprocessing = 0;
		};
		C1D6B9E32932BB4200AE58A8 /* Sources */ = {
			isa = PBXSourcesBuildPhase;
			buildActionMask = 2147483647;
			files = (
				C1D6B9EC2932BB4200AE58A8 /* Tabbar_CoordinatorTests.swift in Sources */,
			);
			runOnlyForDeploymentPostprocessing = 0;
		};
		C1D6B9ED2932BB4200AE58A8 /* Sources */ = {
			isa = PBXSourcesBuildPhase;
			buildActionMask = 2147483647;
			files = (
				C1D6B9F62932BB4200AE58A8 /* Tabbar_CoordinatorUITests.swift in Sources */,
				C1D6B9F82932BB4200AE58A8 /* Tabbar_CoordinatorUITestsLaunchTests.swift in Sources */,
			);
			runOnlyForDeploymentPostprocessing = 0;
		};
/* End PBXSourcesBuildPhase section */

/* Begin PBXTargetDependency section */
		C1D6B9E92932BB4200AE58A8 /* PBXTargetDependency */ = {
			isa = PBXTargetDependency;
			target = C1D6B9D02932BB4200AE58A8 /* Tabbar-Coordinator */;
			targetProxy = C1D6B9E82932BB4200AE58A8 /* PBXContainerItemProxy */;
		};
		C1D6B9F32932BB4200AE58A8 /* PBXTargetDependency */ = {
			isa = PBXTargetDependency;
			target = C1D6B9D02932BB4200AE58A8 /* Tabbar-Coordinator */;
			targetProxy = C1D6B9F22932BB4200AE58A8 /* PBXContainerItemProxy */;
		};
/* End PBXTargetDependency section */

/* Begin PBXVariantGroup section */
		C1D6B9DA2932BB4200AE58A8 /* Main.storyboard */ = {
			isa = PBXVariantGroup;
			children = (
				C1D6B9DB2932BB4200AE58A8 /* Base */,
			);
			name = Main.storyboard;
			sourceTree = "<group>";
		};
		C1D6B9DF2932BB4200AE58A8 /* LaunchScreen.storyboard */ = {
			isa = PBXVariantGroup;
			children = (
				C1D6B9E02932BB4200AE58A8 /* Base */,
			);
			name = LaunchScreen.storyboard;
			sourceTree = "<group>";
		};
/* End PBXVariantGroup section */

/* Begin XCBuildConfiguration section */
		C1D6B9F92932BB4200AE58A8 /* Debug */ = {
			isa = XCBuildConfiguration;
			buildSettings = {
				ALWAYS_SEARCH_USER_PATHS = NO;
				CLANG_ANALYZER_NONNULL = YES;
				CLANG_ANALYZER_NUMBER_OBJECT_CONVERSION = YES_AGGRESSIVE;
				CLANG_CXX_LANGUAGE_STANDARD = "gnu++20";
				CLANG_ENABLE_MODULES = YES;
				CLANG_ENABLE_OBJC_ARC = YES;
				CLANG_ENABLE_OBJC_WEAK = YES;
				CLANG_WARN_BLOCK_CAPTURE_AUTORELEASING = YES;
				CLANG_WARN_BOOL_CONVERSION = YES;
				CLANG_WARN_COMMA = YES;
				CLANG_WARN_CONSTANT_CONVERSION = YES;
				CLANG_WARN_DEPRECATED_OBJC_IMPLEMENTATIONS = YES;
				CLANG_WARN_DIRECT_OBJC_ISA_USAGE = YES_ERROR;
				CLANG_WARN_DOCUMENTATION_COMMENTS = YES;
				CLANG_WARN_EMPTY_BODY = YES;
				CLANG_WARN_ENUM_CONVERSION = YES;
				CLANG_WARN_INFINITE_RECURSION = YES;
				CLANG_WARN_INT_CONVERSION = YES;
				CLANG_WARN_NON_LITERAL_NULL_CONVERSION = YES;
				CLANG_WARN_OBJC_IMPLICIT_RETAIN_SELF = YES;
				CLANG_WARN_OBJC_LITERAL_CONVERSION = YES;
				CLANG_WARN_OBJC_ROOT_CLASS = YES_ERROR;
				CLANG_WARN_QUOTED_INCLUDE_IN_FRAMEWORK_HEADER = YES;
				CLANG_WARN_RANGE_LOOP_ANALYSIS = YES;
				CLANG_WARN_STRICT_PROTOTYPES = YES;
				CLANG_WARN_SUSPICIOUS_MOVE = YES;
				CLANG_WARN_UNGUARDED_AVAILABILITY = YES_AGGRESSIVE;
				CLANG_WARN_UNREACHABLE_CODE = YES;
				CLANG_WARN__DUPLICATE_METHOD_MATCH = YES;
				COPY_PHASE_STRIP = NO;
				DEBUG_INFORMATION_FORMAT = dwarf;
				ENABLE_STRICT_OBJC_MSGSEND = YES;
				ENABLE_TESTABILITY = YES;
				GCC_C_LANGUAGE_STANDARD = gnu11;
				GCC_DYNAMIC_NO_PIC = NO;
				GCC_NO_COMMON_BLOCKS = YES;
				GCC_OPTIMIZATION_LEVEL = 0;
				GCC_PREPROCESSOR_DEFINITIONS = (
					"DEBUG=1",
					"$(inherited)",
				);
				GCC_WARN_64_TO_32_BIT_CONVERSION = YES;
				GCC_WARN_ABOUT_RETURN_TYPE = YES_ERROR;
				GCC_WARN_UNDECLARED_SELECTOR = YES;
				GCC_WARN_UNINITIALIZED_AUTOS = YES_AGGRESSIVE;
				GCC_WARN_UNUSED_FUNCTION = YES;
				GCC_WARN_UNUSED_VARIABLE = YES;
				IPHONEOS_DEPLOYMENT_TARGET = 16.1;
				MTL_ENABLE_DEBUG_INFO = INCLUDE_SOURCE;
				MTL_FAST_MATH = YES;
				ONLY_ACTIVE_ARCH = YES;
				SDKROOT = iphoneos;
				SWIFT_ACTIVE_COMPILATION_CONDITIONS = DEBUG;
				SWIFT_OPTIMIZATION_LEVEL = "-Onone";
			};
			name = Debug;
		};
		C1D6B9FA2932BB4200AE58A8 /* Release */ = {
			isa = XCBuildConfiguration;
			buildSettings = {
				ALWAYS_SEARCH_USER_PATHS = NO;
				CLANG_ANALYZER_NONNULL = YES;
				CLANG_ANALYZER_NUMBER_OBJECT_CONVERSION = YES_AGGRESSIVE;
				CLANG_CXX_LANGUAGE_STANDARD = "gnu++20";
				CLANG_ENABLE_MODULES = YES;
				CLANG_ENABLE_OBJC_ARC = YES;
				CLANG_ENABLE_OBJC_WEAK = YES;
				CLANG_WARN_BLOCK_CAPTURE_AUTORELEASING = YES;
				CLANG_WARN_BOOL_CONVERSION = YES;
				CLANG_WARN_COMMA = YES;
				CLANG_WARN_CONSTANT_CONVERSION = YES;
				CLANG_WARN_DEPRECATED_OBJC_IMPLEMENTATIONS = YES;
				CLANG_WARN_DIRECT_OBJC_ISA_USAGE = YES_ERROR;
				CLANG_WARN_DOCUMENTATION_COMMENTS = YES;
				CLANG_WARN_EMPTY_BODY = YES;
				CLANG_WARN_ENUM_CONVERSION = YES;
				CLANG_WARN_INFINITE_RECURSION = YES;
				CLANG_WARN_INT_CONVERSION = YES;
				CLANG_WARN_NON_LITERAL_NULL_CONVERSION = YES;
				CLANG_WARN_OBJC_IMPLICIT_RETAIN_SELF = YES;
				CLANG_WARN_OBJC_LITERAL_CONVERSION = YES;
				CLANG_WARN_OBJC_ROOT_CLASS = YES_ERROR;
				CLANG_WARN_QUOTED_INCLUDE_IN_FRAMEWORK_HEADER = YES;
				CLANG_WARN_RANGE_LOOP_ANALYSIS = YES;
				CLANG_WARN_STRICT_PROTOTYPES = YES;
				CLANG_WARN_SUSPICIOUS_MOVE = YES;
				CLANG_WARN_UNGUARDED_AVAILABILITY = YES_AGGRESSIVE;
				CLANG_WARN_UNREACHABLE_CODE = YES;
				CLANG_WARN__DUPLICATE_METHOD_MATCH = YES;
				COPY_PHASE_STRIP = NO;
				DEBUG_INFORMATION_FORMAT = "dwarf-with-dsym";
				ENABLE_NS_ASSERTIONS = NO;
				ENABLE_STRICT_OBJC_MSGSEND = YES;
				GCC_C_LANGUAGE_STANDARD = gnu11;
				GCC_NO_COMMON_BLOCKS = YES;
				GCC_WARN_64_TO_32_BIT_CONVERSION = YES;
				GCC_WARN_ABOUT_RETURN_TYPE = YES_ERROR;
				GCC_WARN_UNDECLARED_SELECTOR = YES;
				GCC_WARN_UNINITIALIZED_AUTOS = YES_AGGRESSIVE;
				GCC_WARN_UNUSED_FUNCTION = YES;
				GCC_WARN_UNUSED_VARIABLE = YES;
				IPHONEOS_DEPLOYMENT_TARGET = 16.1;
				MTL_ENABLE_DEBUG_INFO = NO;
				MTL_FAST_MATH = YES;
				SDKROOT = iphoneos;
				SWIFT_COMPILATION_MODE = wholemodule;
				SWIFT_OPTIMIZATION_LEVEL = "-O";
				VALIDATE_PRODUCT = YES;
			};
			name = Release;
		};
		C1D6B9FC2932BB4200AE58A8 /* Debug */ = {
			isa = XCBuildConfiguration;
			buildSettings = {
				ASSETCATALOG_COMPILER_APPICON_NAME = AppIcon;
				ASSETCATALOG_COMPILER_GLOBAL_ACCENT_COLOR_NAME = AccentColor;
				CODE_SIGN_STYLE = Automatic;
				CURRENT_PROJECT_VERSION = 1;
				DEVELOPMENT_TEAM = QQ6QSKRB6L;
				GENERATE_INFOPLIST_FILE = YES;
				INFOPLIST_FILE = "Tabbar-Coordinator/Info.plist";
				INFOPLIST_KEY_UIApplicationSupportsIndirectInputEvents = YES;
				INFOPLIST_KEY_UILaunchStoryboardName = LaunchScreen;
				INFOPLIST_KEY_UIMainStoryboardFile = Main;
				INFOPLIST_KEY_UISupportedInterfaceOrientations_iPad = "UIInterfaceOrientationPortrait UIInterfaceOrientationPortraitUpsideDown UIInterfaceOrientationLandscapeLeft UIInterfaceOrientationLandscapeRight";
				INFOPLIST_KEY_UISupportedInterfaceOrientations_iPhone = "UIInterfaceOrientationPortrait UIInterfaceOrientationLandscapeLeft UIInterfaceOrientationLandscapeRight";
				LD_RUNPATH_SEARCH_PATHS = (
					"$(inherited)",
					"@executable_path/Frameworks",
				);
				MARKETING_VERSION = 1.0;
				PRODUCT_BUNDLE_IDENTIFIER = "com.hugosilvag6.Tabbar-Coordinator";
				PRODUCT_NAME = "$(TARGET_NAME)";
				SWIFT_EMIT_LOC_STRINGS = YES;
				SWIFT_VERSION = 5.0;
				TARGETED_DEVICE_FAMILY = "1,2";
			};
			name = Debug;
		};
		C1D6B9FD2932BB4200AE58A8 /* Release */ = {
			isa = XCBuildConfiguration;
			buildSettings = {
				ASSETCATALOG_COMPILER_APPICON_NAME = AppIcon;
				ASSETCATALOG_COMPILER_GLOBAL_ACCENT_COLOR_NAME = AccentColor;
				CODE_SIGN_STYLE = Automatic;
				CURRENT_PROJECT_VERSION = 1;
				DEVELOPMENT_TEAM = QQ6QSKRB6L;
				GENERATE_INFOPLIST_FILE = YES;
				INFOPLIST_FILE = "Tabbar-Coordinator/Info.plist";
				INFOPLIST_KEY_UIApplicationSupportsIndirectInputEvents = YES;
				INFOPLIST_KEY_UILaunchStoryboardName = LaunchScreen;
				INFOPLIST_KEY_UIMainStoryboardFile = Main;
				INFOPLIST_KEY_UISupportedInterfaceOrientations_iPad = "UIInterfaceOrientationPortrait UIInterfaceOrientationPortraitUpsideDown UIInterfaceOrientationLandscapeLeft UIInterfaceOrientationLandscapeRight";
				INFOPLIST_KEY_UISupportedInterfaceOrientations_iPhone = "UIInterfaceOrientationPortrait UIInterfaceOrientationLandscapeLeft UIInterfaceOrientationLandscapeRight";
				LD_RUNPATH_SEARCH_PATHS = (
					"$(inherited)",
					"@executable_path/Frameworks",
				);
				MARKETING_VERSION = 1.0;
				PRODUCT_BUNDLE_IDENTIFIER = "com.hugosilvag6.Tabbar-Coordinator";
				PRODUCT_NAME = "$(TARGET_NAME)";
				SWIFT_EMIT_LOC_STRINGS = YES;
				SWIFT_VERSION = 5.0;
				TARGETED_DEVICE_FAMILY = "1,2";
			};
			name = Release;
		};
		C1D6B9FF2932BB4200AE58A8 /* Debug */ = {
			isa = XCBuildConfiguration;
			buildSettings = {
				ALWAYS_EMBED_SWIFT_STANDARD_LIBRARIES = YES;
				BUNDLE_LOADER = "$(TEST_HOST)";
				CODE_SIGN_STYLE = Automatic;
				CURRENT_PROJECT_VERSION = 1;
				DEVELOPMENT_TEAM = QQ6QSKRB6L;
				GENERATE_INFOPLIST_FILE = YES;
				IPHONEOS_DEPLOYMENT_TARGET = 16.1;
				MARKETING_VERSION = 1.0;
				PRODUCT_BUNDLE_IDENTIFIER = "com.hugosilvag6.Tabbar-CoordinatorTests";
				PRODUCT_NAME = "$(TARGET_NAME)";
				SWIFT_EMIT_LOC_STRINGS = NO;
				SWIFT_VERSION = 5.0;
				TARGETED_DEVICE_FAMILY = "1,2";
				TEST_HOST = "$(BUILT_PRODUCTS_DIR)/Tabbar-Coordinator.app/$(BUNDLE_EXECUTABLE_FOLDER_PATH)/Tabbar-Coordinator";
			};
			name = Debug;
		};
		C1D6BA002932BB4200AE58A8 /* Release */ = {
			isa = XCBuildConfiguration;
			buildSettings = {
				ALWAYS_EMBED_SWIFT_STANDARD_LIBRARIES = YES;
				BUNDLE_LOADER = "$(TEST_HOST)";
				CODE_SIGN_STYLE = Automatic;
				CURRENT_PROJECT_VERSION = 1;
				DEVELOPMENT_TEAM = QQ6QSKRB6L;
				GENERATE_INFOPLIST_FILE = YES;
				IPHONEOS_DEPLOYMENT_TARGET = 16.1;
				MARKETING_VERSION = 1.0;
				PRODUCT_BUNDLE_IDENTIFIER = "com.hugosilvag6.Tabbar-CoordinatorTests";
				PRODUCT_NAME = "$(TARGET_NAME)";
				SWIFT_EMIT_LOC_STRINGS = NO;
				SWIFT_VERSION = 5.0;
				TARGETED_DEVICE_FAMILY = "1,2";
				TEST_HOST = "$(BUILT_PRODUCTS_DIR)/Tabbar-Coordinator.app/$(BUNDLE_EXECUTABLE_FOLDER_PATH)/Tabbar-Coordinator";
			};
			name = Release;
		};
		C1D6BA022932BB4200AE58A8 /* Debug */ = {
			isa = XCBuildConfiguration;
			buildSettings = {
				ALWAYS_EMBED_SWIFT_STANDARD_LIBRARIES = YES;
				CODE_SIGN_STYLE = Automatic;
				CURRENT_PROJECT_VERSION = 1;
				DEVELOPMENT_TEAM = QQ6QSKRB6L;
				GENERATE_INFOPLIST_FILE = YES;
				MARKETING_VERSION = 1.0;
				PRODUCT_BUNDLE_IDENTIFIER = "com.hugosilvag6.Tabbar-CoordinatorUITests";
				PRODUCT_NAME = "$(TARGET_NAME)";
				SWIFT_EMIT_LOC_STRINGS = NO;
				SWIFT_VERSION = 5.0;
				TARGETED_DEVICE_FAMILY = "1,2";
				TEST_TARGET_NAME = "Tabbar-Coordinator";
			};
			name = Debug;
		};
		C1D6BA032932BB4200AE58A8 /* Release */ = {
			isa = XCBuildConfiguration;
			buildSettings = {
				ALWAYS_EMBED_SWIFT_STANDARD_LIBRARIES = YES;
				CODE_SIGN_STYLE = Automatic;
				CURRENT_PROJECT_VERSION = 1;
				DEVELOPMENT_TEAM = QQ6QSKRB6L;
				GENERATE_INFOPLIST_FILE = YES;
				MARKETING_VERSION = 1.0;
				PRODUCT_BUNDLE_IDENTIFIER = "com.hugosilvag6.Tabbar-CoordinatorUITests";
				PRODUCT_NAME = "$(TARGET_NAME)";
				SWIFT_EMIT_LOC_STRINGS = NO;
				SWIFT_VERSION = 5.0;
				TARGETED_DEVICE_FAMILY = "1,2";
				TEST_TARGET_NAME = "Tabbar-Coordinator";
			};
			name = Release;
		};
/* End XCBuildConfiguration section */

/* Begin XCConfigurationList section */
		C1D6B9CC2932BB4200AE58A8 /* Build configuration list for PBXProject "Tabbar-Coordinator" */ = {
			isa = XCConfigurationList;
			buildConfigurations = (
				C1D6B9F92932BB4200AE58A8 /* Debug */,
				C1D6B9FA2932BB4200AE58A8 /* Release */,
			);
			defaultConfigurationIsVisible = 0;
			defaultConfigurationName = Release;
		};
		C1D6B9FB2932BB4200AE58A8 /* Build configuration list for PBXNativeTarget "Tabbar-Coordinator" */ = {
			isa = XCConfigurationList;
			buildConfigurations = (
				C1D6B9FC2932BB4200AE58A8 /* Debug */,
				C1D6B9FD2932BB4200AE58A8 /* Release */,
			);
			defaultConfigurationIsVisible = 0;
			defaultConfigurationName = Release;
		};
		C1D6B9FE2932BB4200AE58A8 /* Build configuration list for PBXNativeTarget "Tabbar-CoordinatorTests" */ = {
			isa = XCConfigurationList;
			buildConfigurations = (
				C1D6B9FF2932BB4200AE58A8 /* Debug */,
				C1D6BA002932BB4200AE58A8 /* Release */,
			);
			defaultConfigurationIsVisible = 0;
			defaultConfigurationName = Release;
		};
		C1D6BA012932BB4200AE58A8 /* Build configuration list for PBXNativeTarget "Tabbar-CoordinatorUITests" */ = {
			isa = XCConfigurationList;
			buildConfigurations = (
				C1D6BA022932BB4200AE58A8 /* Debug */,
				C1D6BA032932BB4200AE58A8 /* Release */,
			);
			defaultConfigurationIsVisible = 0;
			defaultConfigurationName = Release;
		};
/* End XCConfigurationList section */
	};
	rootObject = C1D6B9C92932BB4200AE58A8 /* Project object */;
}
